
Microsoft Visual Studio Solution File, Format Version 12.00
# Visual Studio Version 16
VisualStudioVersion = 16.0.32630.194
MinimumVisualStudioVersion = 10.0.40219.1
Project("{9A19103F-16F7-4668-BE54-9A1E7A4F7556}") = "Host", "Host\Host.csproj", "{70AB7181-057C-4404-A9EF-2C1A51FA481F}"
EndProject
Project("{2150E333-8FDC-42A3-9474-1A3956D46DE8}") = "Management-Account", "Management-Account", "{5FDD1873-8F46-4A98-9CB8-9BF0FD989BF3}"
EndProject
Project("{2150E333-8FDC-42A3-9474-1A3956D46DE8}") = "Account.Application", "Account.Application", "{09FEDB14-1D2A-44C5-9CC5-CCEFA6D95DC0}"
EndProject
Project("{2150E333-8FDC-42A3-9474-1A3956D46DE8}") = "Account.Domain", "Account.Domain", "{4708AEF2-3459-4CFC-A7B0-D5AA860960AC}"
EndProject
Project("{2150E333-8FDC-42A3-9474-1A3956D46DE8}") = "Account.Infrastructure", "Account.Infrastructure", "{6A85D855-B632-45F2-A698-2929EB374268}"
EndProject
Project("{9A19103F-16F7-4668-BE54-9A1E7A4F7556}") = "AccountSection.Application", "AccountSection.Application\AccountSection.Application.csproj", "{71637520-DB91-48F1-BEA2-E319E0EF4163}"
EndProject
Project("{9A19103F-16F7-4668-BE54-9A1E7A4F7556}") = "AccountSection.Application.Contracts", "AccountSection.Application.Contracts\AccountSection.Application.Contracts.csproj", "{AC5F757C-3B97-453D-8B7E-1FCB6478BBB3}"
EndProject
Project("{9A19103F-16F7-4668-BE54-9A1E7A4F7556}") = "AccountSection.Domain", "AccountSection.Domain\AccountSection.Domain.csproj", "{3531869A-D344-4F1E-93F3-4C1253968638}"
EndProject
Project("{9A19103F-16F7-4668-BE54-9A1E7A4F7556}") = "AccountSection.Infrastructure.Config", "AccountSection.Infrastructure.Config\AccountSection.Infrastructure.Config.csproj", "{1EEFDA38-1432-4ED6-9138-026D4E1C84C9}"
EndProject
Project("{9A19103F-16F7-4668-BE54-9A1E7A4F7556}") = "AccountSection.Infrastructure.EFCore", "AccountSection.Infrastructure.EFCore\AccountSection.Infrastructure.EFCore.csproj", "{6E5C655C-5CC2-4731-898F-BDD2CC1636D9}"
EndProject
Project("{9A19103F-16F7-4668-BE54-9A1E7A4F7556}") = "AccountSection.Infrastructure.Json", "AccountSection.Infrastructure.Json\AccountSection.Infrastructure.Json.csproj", "{BDE4454A-8359-4A5E-922E-87D93AA48A72}"
EndProject
Project("{9A19103F-16F7-4668-BE54-9A1E7A4F7556}") = "Common", "Common\Common.csproj", "{B0258F04-40FC-4C63-836D-9245C8CD79DD}"
EndProject
Project("{2150E333-8FDC-42A3-9474-1A3956D46DE8}") = "Management-Email", "Management-Email", "{A14BB4DC-4602-42DC-8F4F-BC44A07DBC62}"
EndProject
Project("{2150E333-8FDC-42A3-9474-1A3956D46DE8}") = "Interaction.Application", "Interaction.Application", "{0F2CF85B-57C3-4AEB-8F18-30AB6F3FB2F5}"
EndProject
Project("{2150E333-8FDC-42A3-9474-1A3956D46DE8}") = "Interaction.Domain", "Interaction.Domain", "{5B66F749-6BF0-4D23-8983-CE686D3062BA}"
EndProject
Project("{2150E333-8FDC-42A3-9474-1A3956D46DE8}") = "Interaction.Infrastructure", "Interaction.Infrastructure", "{4AC3BC5F-EA7D-409B-9C10-3106B683AF1C}"
EndProject
Project("{9A19103F-16F7-4668-BE54-9A1E7A4F7556}") = "InteractionSection.Application.Contracts", "InteractionSection.Application.Contracts\InteractionSection.Application.Contracts.csproj", "{ECE8CC76-0686-4A61-BA44-97BAFBD844BB}"
EndProject
Project("{9A19103F-16F7-4668-BE54-9A1E7A4F7556}") = "InteractionSection.Application", "InteractionSection.Application\InteractionSection.Application.csproj", "{EBA47BF3-8759-4294-967F-388B107B5E76}"
EndProject
Project("{9A19103F-16F7-4668-BE54-9A1E7A4F7556}") = "InteractionSection.Domain", "InteractionSection.Domain\InteractionSection.Domain.csproj", "{43DB5064-9FF3-40F3-976C-87041756AF63}"
EndProject
Project("{9A19103F-16F7-4668-BE54-9A1E7A4F7556}") = "InteractionSection.Infrastructure.Config", "InteractionSection.Infrastructure.Config\InteractionSection.Infrastructure.Config.csproj", "{B243051E-2714-4D30-B19E-E6DC42EC488B}"
EndProject
Project("{9A19103F-16F7-4668-BE54-9A1E7A4F7556}") = "InteractionSection.Infrastructure.EFCore", "InteractionSection.Infrastructure.EFCore\InteractionSection.Infrastructure.EFCore.csproj", "{6598D914-A5B9-4B1F-8C8A-183B7C658564}"
EndProject
Project("{2150E333-8FDC-42A3-9474-1A3956D46DE8}") = "Interface-User", "Interface-User", "{15DBFD64-0478-424F-9129-4062613A4909}"
EndProject
Project("{9A19103F-16F7-4668-BE54-9A1E7A4F7556}") = "WebQuery", "WebQuery\WebQuery.csproj", "{8EDD4059-A5B2-4C8F-A0FB-38CC6E89B37C}"
EndProject
Project("{2150E333-8FDC-42A3-9474-1A3956D46DE8}") = "Management-Airline", "Management-Airline", "{CEEA8896-3732-42A7-96AD-B2C57548A9B1}"
EndProject
Project("{2150E333-8FDC-42A3-9474-1A3956D46DE8}") = "Shop.Application", "Shop.Application", "{9B345307-0C3C-4F69-8E4E-08F0D956A574}"
EndProject
Project("{2150E333-8FDC-42A3-9474-1A3956D46DE8}") = "Shop.Domain", "Shop.Domain", "{C1539F2A-488C-417B-886E-302351294BC3}"
EndProject
Project("{2150E333-8FDC-42A3-9474-1A3956D46DE8}") = "Shop.Infrastructure", "Shop.Infrastructure", "{56E11920-B907-4DC1-910F-3FC34892A25E}"
EndProject
Project("{9A19103F-16F7-4668-BE54-9A1E7A4F7556}") = "ShopSection.Application", "ShopSection.Application\ShopSection.Application.csproj", "{01688C66-528F-467F-AAA1-6A55F18CEEAF}"
EndProject
Project("{9A19103F-16F7-4668-BE54-9A1E7A4F7556}") = "ShopSection.Application.Contracts", "ShopSection.Application.Contracts\ShopSection.Application.Contracts.csproj", "{E0B7CA7F-6FC2-41D6-ACFF-0076146B6DC7}"
EndProject
Project("{9A19103F-16F7-4668-BE54-9A1E7A4F7556}") = "ShopSection.Domain", "ShopSection.Domain\ShopSection.Domain.csproj", "{3F4CC7F5-A86E-4FCD-AEFE-2E9AAFF51D72}"
EndProject
Project("{9A19103F-16F7-4668-BE54-9A1E7A4F7556}") = "ShopSection.Infrastructure.EFCore", "ShopSection.Infrastructure.EFCore\ShopSection.Infrastructure.EFCore.csproj", "{C03DB68C-0F5C-4145-8A97-647B1868E1DD}"
EndProject
Project("{9A19103F-16F7-4668-BE54-9A1E7A4F7556}") = "ShopSection.Infrastructure.Config", "ShopSection.Infrastructure.Config\ShopSection.Infrastructure.Config.csproj", "{52000D66-250C-4D51-B752-6B3A14F21857}"
EndProject
Project("{2150E333-8FDC-42A3-9474-1A3956D46DE8}") = "Management-Comment", "Management-Comment", "{EFDBD8ED-AC60-4DD5-8AE9-EE52F2B290CC}"
EndProject
Project("{2150E333-8FDC-42A3-9474-1A3956D46DE8}") = "Comment.Application", "Comment.Application", "{15A84590-E723-47A8-817A-1242A0B0FB5E}"
EndProject
Project("{2150E333-8FDC-42A3-9474-1A3956D46DE8}") = "Comment.Domain", "Comment.Domain", "{400B12EA-9D04-4FA5-AD3C-481A7C895004}"
EndProject
Project("{2150E333-8FDC-42A3-9474-1A3956D46DE8}") = "Comment.Infrastructure", "Comment.Infrastructure", "{FC22E30F-FFC1-4063-8BA7-91787EB8C768}"
EndProject
Project("{9A19103F-16F7-4668-BE54-9A1E7A4F7556}") = "CommentSection.Application", "CommentSection.Application\CommentSection.Application.csproj", "{21C363E6-9936-424D-BB97-DAED9EDE344A}"
EndProject
Project("{9A19103F-16F7-4668-BE54-9A1E7A4F7556}") = "CommentSection.Application.Contracts", "CommentSection.Application.Contracts\CommentSection.Application.Contracts.csproj", "{FEA5B728-9129-4E99-A98E-D89B6DAECC3B}"
EndProject
Project("{9A19103F-16F7-4668-BE54-9A1E7A4F7556}") = "CommentSection.Domain", "CommentSection.Domain\CommentSection.Domain.csproj", "{9566B40E-DB2D-4769-A555-AFCE01F4AF2A}"
EndProject
Project("{9A19103F-16F7-4668-BE54-9A1E7A4F7556}") = "CommentSection.Infrastructure.Config", "CommentSection.Infrastructure.Config\CommentSection.Infrastructure.Config.csproj", "{1906785F-6D80-4E36-A2D6-680FA4CBA1F5}"
EndProject
Project("{9A19103F-16F7-4668-BE54-9A1E7A4F7556}") = "CommentSection.Infrastructure.EFCore", "CommentSection.Infrastructure.EFCore\CommentSection.Infrastructure.EFCore.csproj", "{7D80E9AA-ADA7-4FD3-9EE8-5D97A6608178}"
EndProject
Project("{2150E333-8FDC-42A3-9474-1A3956D46DE8}") = "Other", "Other", "{2EDFBC66-9FD6-4D5D-B10F-CB126FE1E924}"
EndProject
Global
	GlobalSection(SolutionConfigurationPlatforms) = preSolution
		Debug|Any CPU = Debug|Any CPU
		Debug|x64 = Debug|x64
		Release|Any CPU = Release|Any CPU
		Release|x64 = Release|x64
	EndGlobalSection
	GlobalSection(ProjectConfigurationPlatforms) = postSolution
		{70AB7181-057C-4404-A9EF-2C1A51FA481F}.Debug|Any CPU.ActiveCfg = Debug|Any CPU
		{70AB7181-057C-4404-A9EF-2C1A51FA481F}.Debug|Any CPU.Build.0 = Debug|Any CPU
		{70AB7181-057C-4404-A9EF-2C1A51FA481F}.Debug|x64.ActiveCfg = Debug|Any CPU
		{70AB7181-057C-4404-A9EF-2C1A51FA481F}.Debug|x64.Build.0 = Debug|Any CPU
		{70AB7181-057C-4404-A9EF-2C1A51FA481F}.Release|Any CPU.ActiveCfg = Release|Any CPU
		{70AB7181-057C-4404-A9EF-2C1A51FA481F}.Release|Any CPU.Build.0 = Release|Any CPU
		{70AB7181-057C-4404-A9EF-2C1A51FA481F}.Release|x64.ActiveCfg = Release|Any CPU
		{70AB7181-057C-4404-A9EF-2C1A51FA481F}.Release|x64.Build.0 = Release|Any CPU
		{71637520-DB91-48F1-BEA2-E319E0EF4163}.Debug|Any CPU.ActiveCfg = Debug|Any CPU
		{71637520-DB91-48F1-BEA2-E319E0EF4163}.Debug|Any CPU.Build.0 = Debug|Any CPU
		{71637520-DB91-48F1-BEA2-E319E0EF4163}.Debug|x64.ActiveCfg = Debug|Any CPU
		{71637520-DB91-48F1-BEA2-E319E0EF4163}.Debug|x64.Build.0 = Debug|Any CPU
		{71637520-DB91-48F1-BEA2-E319E0EF4163}.Release|Any CPU.ActiveCfg = Release|Any CPU
		{71637520-DB91-48F1-BEA2-E319E0EF4163}.Release|Any CPU.Build.0 = Release|Any CPU
		{71637520-DB91-48F1-BEA2-E319E0EF4163}.Release|x64.ActiveCfg = Release|Any CPU
		{71637520-DB91-48F1-BEA2-E319E0EF4163}.Release|x64.Build.0 = Release|Any CPU
		{AC5F757C-3B97-453D-8B7E-1FCB6478BBB3}.Debug|Any CPU.ActiveCfg = Debug|Any CPU
		{AC5F757C-3B97-453D-8B7E-1FCB6478BBB3}.Debug|Any CPU.Build.0 = Debug|Any CPU
		{AC5F757C-3B97-453D-8B7E-1FCB6478BBB3}.Debug|x64.ActiveCfg = Debug|Any CPU
		{AC5F757C-3B97-453D-8B7E-1FCB6478BBB3}.Debug|x64.Build.0 = Debug|Any CPU
		{AC5F757C-3B97-453D-8B7E-1FCB6478BBB3}.Release|Any CPU.ActiveCfg = Release|Any CPU
		{AC5F757C-3B97-453D-8B7E-1FCB6478BBB3}.Release|Any CPU.Build.0 = Release|Any CPU
		{AC5F757C-3B97-453D-8B7E-1FCB6478BBB3}.Release|x64.ActiveCfg = Release|Any CPU
		{AC5F757C-3B97-453D-8B7E-1FCB6478BBB3}.Release|x64.Build.0 = Release|Any CPU
		{3531869A-D344-4F1E-93F3-4C1253968638}.Debug|Any CPU.ActiveCfg = Debug|Any CPU
		{3531869A-D344-4F1E-93F3-4C1253968638}.Debug|Any CPU.Build.0 = Debug|Any CPU
		{3531869A-D344-4F1E-93F3-4C1253968638}.Debug|x64.ActiveCfg = Debug|Any CPU
		{3531869A-D344-4F1E-93F3-4C1253968638}.Debug|x64.Build.0 = Debug|Any CPU
		{3531869A-D344-4F1E-93F3-4C1253968638}.Release|Any CPU.ActiveCfg = Release|Any CPU
		{3531869A-D344-4F1E-93F3-4C1253968638}.Release|Any CPU.Build.0 = Release|Any CPU
		{3531869A-D344-4F1E-93F3-4C1253968638}.Release|x64.ActiveCfg = Release|Any CPU
		{3531869A-D344-4F1E-93F3-4C1253968638}.Release|x64.Build.0 = Release|Any CPU
		{1EEFDA38-1432-4ED6-9138-026D4E1C84C9}.Debug|Any CPU.ActiveCfg = Debug|Any CPU
		{1EEFDA38-1432-4ED6-9138-026D4E1C84C9}.Debug|Any CPU.Build.0 = Debug|Any CPU
		{1EEFDA38-1432-4ED6-9138-026D4E1C84C9}.Debug|x64.ActiveCfg = Debug|Any CPU
		{1EEFDA38-1432-4ED6-9138-026D4E1C84C9}.Debug|x64.Build.0 = Debug|Any CPU
		{1EEFDA38-1432-4ED6-9138-026D4E1C84C9}.Release|Any CPU.ActiveCfg = Release|Any CPU
		{1EEFDA38-1432-4ED6-9138-026D4E1C84C9}.Release|Any CPU.Build.0 = Release|Any CPU
		{1EEFDA38-1432-4ED6-9138-026D4E1C84C9}.Release|x64.ActiveCfg = Release|Any CPU
		{1EEFDA38-1432-4ED6-9138-026D4E1C84C9}.Release|x64.Build.0 = Release|Any CPU
		{6E5C655C-5CC2-4731-898F-BDD2CC1636D9}.Debug|Any CPU.ActiveCfg = Debug|Any CPU
		{6E5C655C-5CC2-4731-898F-BDD2CC1636D9}.Debug|Any CPU.Build.0 = Debug|Any CPU
		{6E5C655C-5CC2-4731-898F-BDD2CC1636D9}.Debug|x64.ActiveCfg = Debug|Any CPU
		{6E5C655C-5CC2-4731-898F-BDD2CC1636D9}.Debug|x64.Build.0 = Debug|Any CPU
		{6E5C655C-5CC2-4731-898F-BDD2CC1636D9}.Release|Any CPU.ActiveCfg = Release|Any CPU
		{6E5C655C-5CC2-4731-898F-BDD2CC1636D9}.Release|Any CPU.Build.0 = Release|Any CPU
		{6E5C655C-5CC2-4731-898F-BDD2CC1636D9}.Release|x64.ActiveCfg = Release|Any CPU
		{6E5C655C-5CC2-4731-898F-BDD2CC1636D9}.Release|x64.Build.0 = Release|Any CPU
		{BDE4454A-8359-4A5E-922E-87D93AA48A72}.Debug|Any CPU.ActiveCfg = Debug|Any CPU
		{BDE4454A-8359-4A5E-922E-87D93AA48A72}.Debug|Any CPU.Build.0 = Debug|Any CPU
		{BDE4454A-8359-4A5E-922E-87D93AA48A72}.Debug|x64.ActiveCfg = Debug|Any CPU
		{BDE4454A-8359-4A5E-922E-87D93AA48A72}.Debug|x64.Build.0 = Debug|Any CPU
		{BDE4454A-8359-4A5E-922E-87D93AA48A72}.Release|Any CPU.ActiveCfg = Release|Any CPU
		{BDE4454A-8359-4A5E-922E-87D93AA48A72}.Release|Any CPU.Build.0 = Release|Any CPU
		{BDE4454A-8359-4A5E-922E-87D93AA48A72}.Release|x64.ActiveCfg = Release|Any CPU
		{BDE4454A-8359-4A5E-922E-87D93AA48A72}.Release|x64.Build.0 = Release|Any CPU
		{B0258F04-40FC-4C63-836D-9245C8CD79DD}.Debug|Any CPU.ActiveCfg = Debug|Any CPU
		{B0258F04-40FC-4C63-836D-9245C8CD79DD}.Debug|Any CPU.Build.0 = Debug|Any CPU
		{B0258F04-40FC-4C63-836D-9245C8CD79DD}.Debug|x64.ActiveCfg = Debug|Any CPU
		{B0258F04-40FC-4C63-836D-9245C8CD79DD}.Debug|x64.Build.0 = Debug|Any CPU
		{B0258F04-40FC-4C63-836D-9245C8CD79DD}.Release|Any CPU.ActiveCfg = Release|Any CPU
		{B0258F04-40FC-4C63-836D-9245C8CD79DD}.Release|Any CPU.Build.0 = Release|Any CPU
		{B0258F04-40FC-4C63-836D-9245C8CD79DD}.Release|x64.ActiveCfg = Release|Any CPU
		{B0258F04-40FC-4C63-836D-9245C8CD79DD}.Release|x64.Build.0 = Release|Any CPU
		{ECE8CC76-0686-4A61-BA44-97BAFBD844BB}.Debug|Any CPU.ActiveCfg = Debug|Any CPU
		{ECE8CC76-0686-4A61-BA44-97BAFBD844BB}.Debug|Any CPU.Build.0 = Debug|Any CPU
		{ECE8CC76-0686-4A61-BA44-97BAFBD844BB}.Debug|x64.ActiveCfg = Debug|Any CPU
		{ECE8CC76-0686-4A61-BA44-97BAFBD844BB}.Debug|x64.Build.0 = Debug|Any CPU
		{ECE8CC76-0686-4A61-BA44-97BAFBD844BB}.Release|Any CPU.ActiveCfg = Release|Any CPU
		{ECE8CC76-0686-4A61-BA44-97BAFBD844BB}.Release|Any CPU.Build.0 = Release|Any CPU
		{ECE8CC76-0686-4A61-BA44-97BAFBD844BB}.Release|x64.ActiveCfg = Release|Any CPU
		{ECE8CC76-0686-4A61-BA44-97BAFBD844BB}.Release|x64.Build.0 = Release|Any CPU
		{EBA47BF3-8759-4294-967F-388B107B5E76}.Debug|Any CPU.ActiveCfg = Debug|Any CPU
		{EBA47BF3-8759-4294-967F-388B107B5E76}.Debug|Any CPU.Build.0 = Debug|Any CPU
		{EBA47BF3-8759-4294-967F-388B107B5E76}.Debug|x64.ActiveCfg = Debug|Any CPU
		{EBA47BF3-8759-4294-967F-388B107B5E76}.Debug|x64.Build.0 = Debug|Any CPU
		{EBA47BF3-8759-4294-967F-388B107B5E76}.Release|Any CPU.ActiveCfg = Release|Any CPU
		{EBA47BF3-8759-4294-967F-388B107B5E76}.Release|Any CPU.Build.0 = Release|Any CPU
		{EBA47BF3-8759-4294-967F-388B107B5E76}.Release|x64.ActiveCfg = Release|Any CPU
		{EBA47BF3-8759-4294-967F-388B107B5E76}.Release|x64.Build.0 = Release|Any CPU
		{43DB5064-9FF3-40F3-976C-87041756AF63}.Debug|Any CPU.ActiveCfg = Debug|Any CPU
		{43DB5064-9FF3-40F3-976C-87041756AF63}.Debug|Any CPU.Build.0 = Debug|Any CPU
		{43DB5064-9FF3-40F3-976C-87041756AF63}.Debug|x64.ActiveCfg = Debug|Any CPU
		{43DB5064-9FF3-40F3-976C-87041756AF63}.Debug|x64.Build.0 = Debug|Any CPU
		{43DB5064-9FF3-40F3-976C-87041756AF63}.Release|Any CPU.ActiveCfg = Release|Any CPU
		{43DB5064-9FF3-40F3-976C-87041756AF63}.Release|Any CPU.Build.0 = Release|Any CPU
		{43DB5064-9FF3-40F3-976C-87041756AF63}.Release|x64.ActiveCfg = Release|Any CPU
		{43DB5064-9FF3-40F3-976C-87041756AF63}.Release|x64.Build.0 = Release|Any CPU
		{B243051E-2714-4D30-B19E-E6DC42EC488B}.Debug|Any CPU.ActiveCfg = Debug|Any CPU
		{B243051E-2714-4D30-B19E-E6DC42EC488B}.Debug|Any CPU.Build.0 = Debug|Any CPU
		{B243051E-2714-4D30-B19E-E6DC42EC488B}.Debug|x64.ActiveCfg = Debug|Any CPU
		{B243051E-2714-4D30-B19E-E6DC42EC488B}.Debug|x64.Build.0 = Debug|Any CPU
		{B243051E-2714-4D30-B19E-E6DC42EC488B}.Release|Any CPU.ActiveCfg = Release|Any CPU
		{B243051E-2714-4D30-B19E-E6DC42EC488B}.Release|Any CPU.Build.0 = Release|Any CPU
		{B243051E-2714-4D30-B19E-E6DC42EC488B}.Release|x64.ActiveCfg = Release|Any CPU
		{B243051E-2714-4D30-B19E-E6DC42EC488B}.Release|x64.Build.0 = Release|Any CPU
		{6598D914-A5B9-4B1F-8C8A-183B7C658564}.Debug|Any CPU.ActiveCfg = Debug|Any CPU
		{6598D914-A5B9-4B1F-8C8A-183B7C658564}.Debug|Any CPU.Build.0 = Debug|Any CPU
		{6598D914-A5B9-4B1F-8C8A-183B7C658564}.Debug|x64.ActiveCfg = Debug|Any CPU
		{6598D914-A5B9-4B1F-8C8A-183B7C658564}.Debug|x64.Build.0 = Debug|Any CPU
		{6598D914-A5B9-4B1F-8C8A-183B7C658564}.Release|Any CPU.ActiveCfg = Release|Any CPU
		{6598D914-A5B9-4B1F-8C8A-183B7C658564}.Release|Any CPU.Build.0 = Release|Any CPU
		{6598D914-A5B9-4B1F-8C8A-183B7C658564}.Release|x64.ActiveCfg = Release|Any CPU
		{6598D914-A5B9-4B1F-8C8A-183B7C658564}.Release|x64.Build.0 = Release|Any CPU
		{8EDD4059-A5B2-4C8F-A0FB-38CC6E89B37C}.Debug|Any CPU.ActiveCfg = Debug|Any CPU
		{8EDD4059-A5B2-4C8F-A0FB-38CC6E89B37C}.Debug|Any CPU.Build.0 = Debug|Any CPU
		{8EDD4059-A5B2-4C8F-A0FB-38CC6E89B37C}.Debug|x64.ActiveCfg = Debug|Any CPU
		{8EDD4059-A5B2-4C8F-A0FB-38CC6E89B37C}.Debug|x64.Build.0 = Debug|Any CPU
		{8EDD4059-A5B2-4C8F-A0FB-38CC6E89B37C}.Release|Any CPU.ActiveCfg = Release|Any CPU
		{8EDD4059-A5B2-4C8F-A0FB-38CC6E89B37C}.Release|Any CPU.Build.0 = Release|Any CPU
		{8EDD4059-A5B2-4C8F-A0FB-38CC6E89B37C}.Release|x64.ActiveCfg = Release|Any CPU
		{8EDD4059-A5B2-4C8F-A0FB-38CC6E89B37C}.Release|x64.Build.0 = Release|Any CPU
		{01688C66-528F-467F-AAA1-6A55F18CEEAF}.Debug|Any CPU.ActiveCfg = Debug|Any CPU
		{01688C66-528F-467F-AAA1-6A55F18CEEAF}.Debug|Any CPU.Build.0 = Debug|Any CPU
		{01688C66-528F-467F-AAA1-6A55F18CEEAF}.Debug|x64.ActiveCfg = Debug|Any CPU
		{01688C66-528F-467F-AAA1-6A55F18CEEAF}.Debug|x64.Build.0 = Debug|Any CPU
		{01688C66-528F-467F-AAA1-6A55F18CEEAF}.Release|Any CPU.ActiveCfg = Release|Any CPU
		{01688C66-528F-467F-AAA1-6A55F18CEEAF}.Release|Any CPU.Build.0 = Release|Any CPU
		{01688C66-528F-467F-AAA1-6A55F18CEEAF}.Release|x64.ActiveCfg = Release|Any CPU
		{01688C66-528F-467F-AAA1-6A55F18CEEAF}.Release|x64.Build.0 = Release|Any CPU
		{E0B7CA7F-6FC2-41D6-ACFF-0076146B6DC7}.Debug|Any CPU.ActiveCfg = Debug|Any CPU
		{E0B7CA7F-6FC2-41D6-ACFF-0076146B6DC7}.Debug|Any CPU.Build.0 = Debug|Any CPU
		{E0B7CA7F-6FC2-41D6-ACFF-0076146B6DC7}.Debug|x64.ActiveCfg = Debug|Any CPU
		{E0B7CA7F-6FC2-41D6-ACFF-0076146B6DC7}.Debug|x64.Build.0 = Debug|Any CPU
		{E0B7CA7F-6FC2-41D6-ACFF-0076146B6DC7}.Release|Any CPU.ActiveCfg = Release|Any CPU
		{E0B7CA7F-6FC2-41D6-ACFF-0076146B6DC7}.Release|Any CPU.Build.0 = Release|Any CPU
		{E0B7CA7F-6FC2-41D6-ACFF-0076146B6DC7}.Release|x64.ActiveCfg = Release|Any CPU
		{E0B7CA7F-6FC2-41D6-ACFF-0076146B6DC7}.Release|x64.Build.0 = Release|Any CPU
		{3F4CC7F5-A86E-4FCD-AEFE-2E9AAFF51D72}.Debug|Any CPU.ActiveCfg = Debug|Any CPU
		{3F4CC7F5-A86E-4FCD-AEFE-2E9AAFF51D72}.Debug|Any CPU.Build.0 = Debug|Any CPU
		{3F4CC7F5-A86E-4FCD-AEFE-2E9AAFF51D72}.Debug|x64.ActiveCfg = Debug|Any CPU
		{3F4CC7F5-A86E-4FCD-AEFE-2E9AAFF51D72}.Debug|x64.Build.0 = Debug|Any CPU
		{3F4CC7F5-A86E-4FCD-AEFE-2E9AAFF51D72}.Release|Any CPU.ActiveCfg = Release|Any CPU
		{3F4CC7F5-A86E-4FCD-AEFE-2E9AAFF51D72}.Release|Any CPU.Build.0 = Release|Any CPU
		{3F4CC7F5-A86E-4FCD-AEFE-2E9AAFF51D72}.Release|x64.ActiveCfg = Release|Any CPU
		{3F4CC7F5-A86E-4FCD-AEFE-2E9AAFF51D72}.Release|x64.Build.0 = Release|Any CPU
		{C03DB68C-0F5C-4145-8A97-647B1868E1DD}.Debug|Any CPU.ActiveCfg = Debug|Any CPU
		{C03DB68C-0F5C-4145-8A97-647B1868E1DD}.Debug|Any CPU.Build.0 = Debug|Any CPU
		{C03DB68C-0F5C-4145-8A97-647B1868E1DD}.Debug|x64.ActiveCfg = Debug|Any CPU
		{C03DB68C-0F5C-4145-8A97-647B1868E1DD}.Debug|x64.Build.0 = Debug|Any CPU
		{C03DB68C-0F5C-4145-8A97-647B1868E1DD}.Release|Any CPU.ActiveCfg = Release|Any CPU
		{C03DB68C-0F5C-4145-8A97-647B1868E1DD}.Release|Any CPU.Build.0 = Release|Any CPU
		{C03DB68C-0F5C-4145-8A97-647B1868E1DD}.Release|x64.ActiveCfg = Release|Any CPU
		{C03DB68C-0F5C-4145-8A97-647B1868E1DD}.Release|x64.Build.0 = Release|Any CPU
		{52000D66-250C-4D51-B752-6B3A14F21857}.Debug|Any CPU.ActiveCfg = Debug|Any CPU
		{52000D66-250C-4D51-B752-6B3A14F21857}.Debug|Any CPU.Build.0 = Debug|Any CPU
		{52000D66-250C-4D51-B752-6B3A14F21857}.Debug|x64.ActiveCfg = Debug|Any CPU
		{52000D66-250C-4D51-B752-6B3A14F21857}.Debug|x64.Build.0 = Debug|Any CPU
		{52000D66-250C-4D51-B752-6B3A14F21857}.Release|Any CPU.ActiveCfg = Release|Any CPU
		{52000D66-250C-4D51-B752-6B3A14F21857}.Release|Any CPU.Build.0 = Release|Any CPU
		{52000D66-250C-4D51-B752-6B3A14F21857}.Release|x64.ActiveCfg = Release|Any CPU
		{52000D66-250C-4D51-B752-6B3A14F21857}.Release|x64.Build.0 = Release|Any CPU
		{21C363E6-9936-424D-BB97-DAED9EDE344A}.Debug|Any CPU.ActiveCfg = Debug|Any CPU
		{21C363E6-9936-424D-BB97-DAED9EDE344A}.Debug|Any CPU.Build.0 = Debug|Any CPU
		{21C363E6-9936-424D-BB97-DAED9EDE344A}.Debug|x64.ActiveCfg = Debug|x64
		{21C363E6-9936-424D-BB97-DAED9EDE344A}.Debug|x64.Build.0 = Debug|x64
		{21C363E6-9936-424D-BB97-DAED9EDE344A}.Release|Any CPU.ActiveCfg = Release|Any CPU
		{21C363E6-9936-424D-BB97-DAED9EDE344A}.Release|Any CPU.Build.0 = Release|Any CPU
		{21C363E6-9936-424D-BB97-DAED9EDE344A}.Release|x64.ActiveCfg = Release|x64
		{21C363E6-9936-424D-BB97-DAED9EDE344A}.Release|x64.Build.0 = Release|x64
		{FEA5B728-9129-4E99-A98E-D89B6DAECC3B}.Debug|Any CPU.ActiveCfg = Debug|Any CPU
		{FEA5B728-9129-4E99-A98E-D89B6DAECC3B}.Debug|Any CPU.Build.0 = Debug|Any CPU
		{FEA5B728-9129-4E99-A98E-D89B6DAECC3B}.Debug|x64.ActiveCfg = Debug|x64
		{FEA5B728-9129-4E99-A98E-D89B6DAECC3B}.Debug|x64.Build.0 = Debug|x64
		{FEA5B728-9129-4E99-A98E-D89B6DAECC3B}.Release|Any CPU.ActiveCfg = Release|Any CPU
		{FEA5B728-9129-4E99-A98E-D89B6DAECC3B}.Release|Any CPU.Build.0 = Release|Any CPU
		{FEA5B728-9129-4E99-A98E-D89B6DAECC3B}.Release|x64.ActiveCfg = Release|x64
		{FEA5B728-9129-4E99-A98E-D89B6DAECC3B}.Release|x64.Build.0 = Release|x64
		{9566B40E-DB2D-4769-A555-AFCE01F4AF2A}.Debug|Any CPU.ActiveCfg = Debug|Any CPU
		{9566B40E-DB2D-4769-A555-AFCE01F4AF2A}.Debug|Any CPU.Build.0 = Debug|Any CPU
		{9566B40E-DB2D-4769-A555-AFCE01F4AF2A}.Debug|x64.ActiveCfg = Debug|x64
		{9566B40E-DB2D-4769-A555-AFCE01F4AF2A}.Debug|x64.Build.0 = Debug|x64
		{9566B40E-DB2D-4769-A555-AFCE01F4AF2A}.Release|Any CPU.ActiveCfg = Release|Any CPU
		{9566B40E-DB2D-4769-A555-AFCE01F4AF2A}.Release|Any CPU.Build.0 = Release|Any CPU
		{9566B40E-DB2D-4769-A555-AFCE01F4AF2A}.Release|x64.ActiveCfg = Release|x64
		{9566B40E-DB2D-4769-A555-AFCE01F4AF2A}.Release|x64.Build.0 = Release|x64
		{1906785F-6D80-4E36-A2D6-680FA4CBA1F5}.Debug|Any CPU.ActiveCfg = Debug|Any CPU
		{1906785F-6D80-4E36-A2D6-680FA4CBA1F5}.Debug|Any CPU.Build.0 = Debug|Any CPU
		{1906785F-6D80-4E36-A2D6-680FA4CBA1F5}.Debug|x64.ActiveCfg = Debug|x64
		{1906785F-6D80-4E36-A2D6-680FA4CBA1F5}.Debug|x64.Build.0 = Debug|x64
		{1906785F-6D80-4E36-A2D6-680FA4CBA1F5}.Release|Any CPU.ActiveCfg = Release|Any CPU
		{1906785F-6D80-4E36-A2D6-680FA4CBA1F5}.Release|Any CPU.Build.0 = Release|Any CPU
		{1906785F-6D80-4E36-A2D6-680FA4CBA1F5}.Release|x64.ActiveCfg = Release|x64
		{1906785F-6D80-4E36-A2D6-680FA4CBA1F5}.Release|x64.Build.0 = Release|x64
		{7D80E9AA-ADA7-4FD3-9EE8-5D97A6608178}.Debug|Any CPU.ActiveCfg = Debug|Any CPU
		{7D80E9AA-ADA7-4FD3-9EE8-5D97A6608178}.Debug|Any CPU.Build.0 = Debug|Any CPU
		{7D80E9AA-ADA7-4FD3-9EE8-5D97A6608178}.Debug|x64.ActiveCfg = Debug|x64
		{7D80E9AA-ADA7-4FD3-9EE8-5D97A6608178}.Debug|x64.Build.0 = Debug|x64
		{7D80E9AA-ADA7-4FD3-9EE8-5D97A6608178}.Release|Any CPU.ActiveCfg = Release|Any CPU
		{7D80E9AA-ADA7-4FD3-9EE8-5D97A6608178}.Release|Any CPU.Build.0 = Release|Any CPU
		{7D80E9AA-ADA7-4FD3-9EE8-5D97A6608178}.Release|x64.ActiveCfg = Release|x64
		{7D80E9AA-ADA7-4FD3-9EE8-5D97A6608178}.Release|x64.Build.0 = Release|x64
	EndGlobalSection
	GlobalSection(SolutionProperties) = preSolution
		HideSolutionNode = FALSE
	EndGlobalSection
	GlobalSection(NestedProjects) = preSolution
		{70AB7181-057C-4404-A9EF-2C1A51FA481F} = {2EDFBC66-9FD6-4D5D-B10F-CB126FE1E924}
		{09FEDB14-1D2A-44C5-9CC5-CCEFA6D95DC0} = {5FDD1873-8F46-4A98-9CB8-9BF0FD989BF3}
		{4708AEF2-3459-4CFC-A7B0-D5AA860960AC} = {5FDD1873-8F46-4A98-9CB8-9BF0FD989BF3}
		{6A85D855-B632-45F2-A698-2929EB374268} = {5FDD1873-8F46-4A98-9CB8-9BF0FD989BF3}
		{71637520-DB91-48F1-BEA2-E319E0EF4163} = {09FEDB14-1D2A-44C5-9CC5-CCEFA6D95DC0}
		{AC5F757C-3B97-453D-8B7E-1FCB6478BBB3} = {09FEDB14-1D2A-44C5-9CC5-CCEFA6D95DC0}
		{3531869A-D344-4F1E-93F3-4C1253968638} = {4708AEF2-3459-4CFC-A7B0-D5AA860960AC}
		{1EEFDA38-1432-4ED6-9138-026D4E1C84C9} = {6A85D855-B632-45F2-A698-2929EB374268}
		{6E5C655C-5CC2-4731-898F-BDD2CC1636D9} = {6A85D855-B632-45F2-A698-2929EB374268}
		{BDE4454A-8359-4A5E-922E-87D93AA48A72} = {6A85D855-B632-45F2-A698-2929EB374268}
		{B0258F04-40FC-4C63-836D-9245C8CD79DD} = {2EDFBC66-9FD6-4D5D-B10F-CB126FE1E924}
		{0F2CF85B-57C3-4AEB-8F18-30AB6F3FB2F5} = {A14BB4DC-4602-42DC-8F4F-BC44A07DBC62}
		{5B66F749-6BF0-4D23-8983-CE686D3062BA} = {A14BB4DC-4602-42DC-8F4F-BC44A07DBC62}
		{4AC3BC5F-EA7D-409B-9C10-3106B683AF1C} = {A14BB4DC-4602-42DC-8F4F-BC44A07DBC62}
		{ECE8CC76-0686-4A61-BA44-97BAFBD844BB} = {0F2CF85B-57C3-4AEB-8F18-30AB6F3FB2F5}
		{EBA47BF3-8759-4294-967F-388B107B5E76} = {0F2CF85B-57C3-4AEB-8F18-30AB6F3FB2F5}
		{43DB5064-9FF3-40F3-976C-87041756AF63} = {5B66F749-6BF0-4D23-8983-CE686D3062BA}
		{B243051E-2714-4D30-B19E-E6DC42EC488B} = {4AC3BC5F-EA7D-409B-9C10-3106B683AF1C}
		{6598D914-A5B9-4B1F-8C8A-183B7C658564} = {4AC3BC5F-EA7D-409B-9C10-3106B683AF1C}
		{8EDD4059-A5B2-4C8F-A0FB-38CC6E89B37C} = {15DBFD64-0478-424F-9129-4062613A4909}
		{9B345307-0C3C-4F69-8E4E-08F0D956A574} = {CEEA8896-3732-42A7-96AD-B2C57548A9B1}
		{C1539F2A-488C-417B-886E-302351294BC3} = {CEEA8896-3732-42A7-96AD-B2C57548A9B1}
		{56E11920-B907-4DC1-910F-3FC34892A25E} = {CEEA8896-3732-42A7-96AD-B2C57548A9B1}
		{01688C66-528F-467F-AAA1-6A55F18CEEAF} = {9B345307-0C3C-4F69-8E4E-08F0D956A574}
		{E0B7CA7F-6FC2-41D6-ACFF-0076146B6DC7} = {9B345307-0C3C-4F69-8E4E-08F0D956A574}
		{3F4CC7F5-A86E-4FCD-AEFE-2E9AAFF51D72} = {C1539F2A-488C-417B-886E-302351294BC3}
		{C03DB68C-0F5C-4145-8A97-647B1868E1DD} = {56E11920-B907-4DC1-910F-3FC34892A25E}
		{52000D66-250C-4D51-B752-6B3A14F21857} = {56E11920-B907-4DC1-910F-3FC34892A25E}
		{15A84590-E723-47A8-817A-1242A0B0FB5E} = {EFDBD8ED-AC60-4DD5-8AE9-EE52F2B290CC}
		{400B12EA-9D04-4FA5-AD3C-481A7C895004} = {EFDBD8ED-AC60-4DD5-8AE9-EE52F2B290CC}
		{FC22E30F-FFC1-4063-8BA7-91787EB8C768} = {EFDBD8ED-AC60-4DD5-8AE9-EE52F2B290CC}
		{21C363E6-9936-424D-BB97-DAED9EDE344A} = {15A84590-E723-47A8-817A-1242A0B0FB5E}
		{FEA5B728-9129-4E99-A98E-D89B6DAECC3B} = {15A84590-E723-47A8-817A-1242A0B0FB5E}
		{9566B40E-DB2D-4769-A555-AFCE01F4AF2A} = {400B12EA-9D04-4FA5-AD3C-481A7C895004}
		{1906785F-6D80-4E36-A2D6-680FA4CBA1F5} = {FC22E30F-FFC1-4063-8BA7-91787EB8C768}
		{7D80E9AA-ADA7-4FD3-9EE8-5D97A6608178} = {FC22E30F-FFC1-4063-8BA7-91787EB8C768}
	EndGlobalSection
	GlobalSection(ExtensibilityGlobals) = postSolution
		SolutionGuid = {84C20CE6-B85B-4991-9BFD-440AB33723E0}
	EndGlobalSection
EndGlobal
